
Microsoft Visual Studio Solution File, Format Version 12.00
# Visual Studio Version 17
VisualStudioVersion = 17.14.36109.1 d17.14
MinimumVisualStudioVersion = 10.0.40219.1
Project("{FAE04EC0-301F-11D3-BF4B-00C04F79EFBC}") = "ANTIBigBoss's MGS Delta Trainer", "ANTIBigBoss's MGS Delta Trainer.csproj", "{821A3BA3-6BA0-4E97-B1BE-669BE833FE4F}"
EndProject
Global
	GlobalSection(SolutionConfigurationPlatforms) = preSolution
		Debug|Any CPU = Debug|Any CPU
		Release|Any CPU = Release|Any CPU
	EndGlobalSection
	GlobalSection(ProjectConfigurationPlatforms) = postSolution
		{821A3BA3-6BA0-4E97-B1BE-669BE833FE4F}.Debug|Any CPU.ActiveCfg = Debug|Any CPU
		{821A3BA3-6BA0-4E97-B1BE-669BE833FE4F}.Debug|Any CPU.Build.0 = Debug|Any CPU
		{821A3BA3-6BA0-4E97-B1BE-669BE833FE4F}.Release|Any CPU.ActiveCfg = Release|Any CPU
		{821A3BA3-6BA0-4E97-B1BE-669BE833FE4F}.Release|Any CPU.Build.0 = Release|Any CPU
	EndGlobalSection
	GlobalSection(SolutionProperties) = preSolution
		HideSolutionNode = FALSE
	EndGlobalSection
	GlobalSection(ExtensibilityGlobals) = postSolution
		SolutionGuid = {6D282157-8754-41ED-887E-87EB9145AE6A}
	EndGlobalSection
EndGlobal
